
Microsoft Visual Studio Solution File, Format Version 12.00
# Visual Studio Version 16
VisualStudioVersion = 16.0.29613.14
MinimumVisualStudioVersion = 10.0.40219.1
Project("{9A19103F-16F7-4668-BE54-9A1E7A4F7556}") = "StudCurRegistration", "StudCurRegistration\StudCurRegistration.csproj", "{4FFB569A-3743-457D-A3F7-E1DD2B92AB8A}"
EndProject
Project("{FAE04EC0-301F-11D3-BF4B-00C04F79EFBC}") = "StudentCourseRegisterationUI", "StudentCourseRegisterationUI\StudentCourseRegisterationUI.csproj", "{FCF05E49-6DAC-451A-891F-8D77679F2FF3}"
EndProject
Global
	GlobalSection(SolutionConfigurationPlatforms) = preSolution
		Debug|Any CPU = Debug|Any CPU
		Release|Any CPU = Release|Any CPU
	EndGlobalSection
	GlobalSection(ProjectConfigurationPlatforms) = postSolution
		{4FFB569A-3743-457D-A3F7-E1DD2B92AB8A}.Debug|Any CPU.ActiveCfg = Debug|Any CPU
		{4FFB569A-3743-457D-A3F7-E1DD2B92AB8A}.Debug|Any CPU.Build.0 = Debug|Any CPU
		{4FFB569A-3743-457D-A3F7-E1DD2B92AB8A}.Release|Any CPU.ActiveCfg = Release|Any CPU
		{4FFB569A-3743-457D-A3F7-E1DD2B92AB8A}.Release|Any CPU.Build.0 = Release|Any CPU
		{FCF05E49-6DAC-451A-891F-8D77679F2FF3}.Debug|Any CPU.ActiveCfg = Debug|Any CPU
		{FCF05E49-6DAC-451A-891F-8D77679F2FF3}.Debug|Any CPU.Build.0 = Debug|Any CPU
		{FCF05E49-6DAC-451A-891F-8D77679F2FF3}.Release|Any CPU.ActiveCfg = Release|Any CPU
		{FCF05E49-6DAC-451A-891F-8D77679F2FF3}.Release|Any CPU.Build.0 = Release|Any CPU
	EndGlobalSection
	GlobalSection(SolutionProperties) = preSolution
		HideSolutionNode = FALSE
	EndGlobalSection
	GlobalSection(ExtensibilityGlobals) = postSolution
		SolutionGuid = {060F95D3-4CB4-4DAE-A5F9-85D9DD3C1825}
	EndGlobalSection
EndGlobal
